
Microsoft Visual Studio Solution File, Format Version 12.00
# Visual Studio 2013
VisualStudioVersion = 12.0.40629.0
MinimumVisualStudioVersion = 10.0.40219.1
Project("{FAE04EC0-301F-11D3-BF4B-00C04F79EFBC}") = "HIP.Http.Api", "Api\HIP.Http.Api.csproj", "{955CAD67-92A8-49CC-A87D-3B12F7832B04}"
EndProject
Project("{FAE04EC0-301F-11D3-BF4B-00C04F79EFBC}") = "HIP.Http.Api.Tests", "Tests\HIP.Http.Api.Tests.csproj", "{DF547BE6-FD66-4FEF-9756-F162640EED55}"
EndProject
Global
	GlobalSection(SolutionConfigurationPlatforms) = preSolution
		Debug|Any CPU = Debug|Any CPU
		Release|Any CPU = Release|Any CPU
	EndGlobalSection
	GlobalSection(ProjectConfigurationPlatforms) = postSolution
		{955CAD67-92A8-49CC-A87D-3B12F7832B04}.Debug|Any CPU.ActiveCfg = Debug|Any CPU
		{955CAD67-92A8-49CC-A87D-3B12F7832B04}.Debug|Any CPU.Build.0 = Debug|Any CPU
		{955CAD67-92A8-49CC-A87D-3B12F7832B04}.Release|Any CPU.ActiveCfg = Release|Any CPU
		{955CAD67-92A8-49CC-A87D-3B12F7832B04}.Release|Any CPU.Build.0 = Release|Any CPU
		{DF547BE6-FD66-4FEF-9756-F162640EED55}.Debug|Any CPU.ActiveCfg = Debug|Any CPU
		{DF547BE6-FD66-4FEF-9756-F162640EED55}.Debug|Any CPU.Build.0 = Debug|Any CPU
		{DF547BE6-FD66-4FEF-9756-F162640EED55}.Release|Any CPU.ActiveCfg = Release|Any CPU
		{DF547BE6-FD66-4FEF-9756-F162640EED55}.Release|Any CPU.Build.0 = Release|Any CPU
	EndGlobalSection
	GlobalSection(SolutionProperties) = preSolution
		HideSolutionNode = FALSE
	EndGlobalSection
	GlobalSection(TestCaseManagementSettings) = postSolution
		CategoryFile = HIPLib.vsmdi
	EndGlobalSection
EndGlobal
